
Microsoft Visual Studio Solution File, Format Version 12.00
# Visual Studio Version 17
VisualStudioVersion = 17.13.35919.96 d17.13
MinimumVisualStudioVersion = 10.0.40219.1
Project("{FAE04EC0-301F-11D3-BF4B-00C04F79EFBC}") = "AuthService", "AuthService\AuthService.csproj", "{867752A9-B13F-4D47-BEAB-EDF8D6F70948}"
EndProject
Project("{FAE04EC0-301F-11D3-BF4B-00C04F79EFBC}") = "ClientesService", "ClientesService\ClientesService.csproj", "{25782C18-1B00-48B0-A900-6471AB7027B2}"
EndProject
Project("{FAE04EC0-301F-11D3-BF4B-00C04F79EFBC}") = "PolizasService", "PolizasService\PolizasService.csproj", "{AB1CA8BD-D27E-406A-91B8-3CE20E099E7F}"
EndProject
Global
	GlobalSection(SolutionConfigurationPlatforms) = preSolution
		Debug|Any CPU = Debug|Any CPU
		Release|Any CPU = Release|Any CPU
	EndGlobalSection
	GlobalSection(ProjectConfigurationPlatforms) = postSolution
		{867752A9-B13F-4D47-BEAB-EDF8D6F70948}.Debug|Any CPU.ActiveCfg = Debug|Any CPU
		{867752A9-B13F-4D47-BEAB-EDF8D6F70948}.Debug|Any CPU.Build.0 = Debug|Any CPU
		{867752A9-B13F-4D47-BEAB-EDF8D6F70948}.Release|Any CPU.ActiveCfg = Release|Any CPU
		{867752A9-B13F-4D47-BEAB-EDF8D6F70948}.Release|Any CPU.Build.0 = Release|Any CPU
		{25782C18-1B00-48B0-A900-6471AB7027B2}.Debug|Any CPU.ActiveCfg = Debug|Any CPU
		{25782C18-1B00-48B0-A900-6471AB7027B2}.Debug|Any CPU.Build.0 = Debug|Any CPU
		{25782C18-1B00-48B0-A900-6471AB7027B2}.Release|Any CPU.ActiveCfg = Release|Any CPU
		{25782C18-1B00-48B0-A900-6471AB7027B2}.Release|Any CPU.Build.0 = Release|Any CPU
		{AB1CA8BD-D27E-406A-91B8-3CE20E099E7F}.Debug|Any CPU.ActiveCfg = Debug|Any CPU
		{AB1CA8BD-D27E-406A-91B8-3CE20E099E7F}.Debug|Any CPU.Build.0 = Debug|Any CPU
		{AB1CA8BD-D27E-406A-91B8-3CE20E099E7F}.Release|Any CPU.ActiveCfg = Release|Any CPU
		{AB1CA8BD-D27E-406A-91B8-3CE20E099E7F}.Release|Any CPU.Build.0 = Release|Any CPU
	EndGlobalSection
	GlobalSection(SolutionProperties) = preSolution
		HideSolutionNode = FALSE
	EndGlobalSection
	GlobalSection(ExtensibilityGlobals) = postSolution
		SolutionGuid = {A62648D1-FF39-4F07-BA73-2CF85105A6EA}
	EndGlobalSection
EndGlobal
